// !$*UTF8*$!
{
	archiveVersion = 1;
	classes = {
	};
	objectVersion = 55;
	objects = {

/* Begin PBXBuildFile section */
		23E9AA1C4AC2B45224E7A402 /* Pods_HealthTracker.framework in Frameworks */ = {isa = PBXBuildFile; fileRef = 954D87DC849FC8E1C3521738 /* Pods_HealthTracker.framework */; };
		B14D139B289D9B5400ED5CFF /* AppDelegate.swift in Sources */ = {isa = PBXBuildFile; fileRef = B14D139A289D9B5400ED5CFF /* AppDelegate.swift */; };
		B14D139D289D9B5400ED5CFF /* SceneDelegate.swift in Sources */ = {isa = PBXBuildFile; fileRef = B14D139C289D9B5400ED5CFF /* SceneDelegate.swift */; };
		B14D139F289D9B5400ED5CFF /* ViewController.swift in Sources */ = {isa = PBXBuildFile; fileRef = B14D139E289D9B5400ED5CFF /* ViewController.swift */; };
		B14D13A2289D9B5400ED5CFF /* Main.storyboard in Resources */ = {isa = PBXBuildFile; fileRef = B14D13A0289D9B5400ED5CFF /* Main.storyboard */; };
		B14D13A4289D9B5800ED5CFF /* Assets.xcassets in Resources */ = {isa = PBXBuildFile; fileRef = B14D13A3289D9B5800ED5CFF /* Assets.xcassets */; };
		B14D13A7289D9B5800ED5CFF /* LaunchScreen.storyboard in Resources */ = {isa = PBXBuildFile; fileRef = B14D13A5289D9B5800ED5CFF /* LaunchScreen.storyboard */; };
		B1521DE928A3298100C386E1 /* Server.swift in Sources */ = {isa = PBXBuildFile; fileRef = B1521DE828A3298100C386E1 /* Server.swift */; };
		B1521DEB28A329E700C386E1 /* APIManager.swift in Sources */ = {isa = PBXBuildFile; fileRef = B1521DEA28A329E700C386E1 /* APIManager.swift */; };
		B1521DEF28A32BE100C386E1 /* UserData.swift in Sources */ = {isa = PBXBuildFile; fileRef = B1521DEE28A32BE100C386E1 /* UserData.swift */; };
		B1521DF128A32E0F00C386E1 /* User.swift in Sources */ = {isa = PBXBuildFile; fileRef = B1521DF028A32E0F00C386E1 /* User.swift */; };
		B1521DF328A32EB200C386E1 /* Fitness.swift in Sources */ = {isa = PBXBuildFile; fileRef = B1521DF228A32EB200C386E1 /* Fitness.swift */; };
		B1521DF528A3309900C386E1 /* BloodPressure.swift in Sources */ = {isa = PBXBuildFile; fileRef = B1521DF428A3309900C386E1 /* BloodPressure.swift */; };
		B1521DF728A330E800C386E1 /* BloodSugar.swift in Sources */ = {isa = PBXBuildFile; fileRef = B1521DF628A330E800C386E1 /* BloodSugar.swift */; };
		B1521DF928A3312D00C386E1 /* HeartRate.swift in Sources */ = {isa = PBXBuildFile; fileRef = B1521DF828A3312D00C386E1 /* HeartRate.swift */; };
		B1521DFB28A3317400C386E1 /* FamilyMember.swift in Sources */ = {isa = PBXBuildFile; fileRef = B1521DFA28A3317400C386E1 /* FamilyMember.swift */; };
		B156E33B28A324EF0069777E /* GoogleService-Info.plist in Resources */ = {isa = PBXBuildFile; fileRef = B156E33A28A324EF0069777E /* GoogleService-Info.plist */; };
/* End PBXBuildFile section */

/* Begin PBXFileReference section */
		91BFC38FF90553DB5CA8F5CC /* Pods-HealthTracker.release.xcconfig */ = {isa = PBXFileReference; includeInIndex = 1; lastKnownFileType = text.xcconfig; name = "Pods-HealthTracker.release.xcconfig"; path = "Target Support Files/Pods-HealthTracker/Pods-HealthTracker.release.xcconfig"; sourceTree = "<group>"; };
		954D87DC849FC8E1C3521738 /* Pods_HealthTracker.framework */ = {isa = PBXFileReference; explicitFileType = wrapper.framework; includeInIndex = 0; path = Pods_HealthTracker.framework; sourceTree = BUILT_PRODUCTS_DIR; };
		B14D1397289D9B5400ED5CFF /* HealthTracker.app */ = {isa = PBXFileReference; explicitFileType = wrapper.application; includeInIndex = 0; path = HealthTracker.app; sourceTree = BUILT_PRODUCTS_DIR; };
		B14D139A289D9B5400ED5CFF /* AppDelegate.swift */ = {isa = PBXFileReference; lastKnownFileType = sourcecode.swift; path = AppDelegate.swift; sourceTree = "<group>"; };
		B14D139C289D9B5400ED5CFF /* SceneDelegate.swift */ = {isa = PBXFileReference; lastKnownFileType = sourcecode.swift; path = SceneDelegate.swift; sourceTree = "<group>"; };
		B14D139E289D9B5400ED5CFF /* ViewController.swift */ = {isa = PBXFileReference; lastKnownFileType = sourcecode.swift; path = ViewController.swift; sourceTree = "<group>"; };
		B14D13A1289D9B5400ED5CFF /* Base */ = {isa = PBXFileReference; lastKnownFileType = file.storyboard; name = Base; path = Base.lproj/Main.storyboard; sourceTree = "<group>"; };
		B14D13A3289D9B5800ED5CFF /* Assets.xcassets */ = {isa = PBXFileReference; lastKnownFileType = folder.assetcatalog; path = Assets.xcassets; sourceTree = "<group>"; };
		B14D13A6289D9B5800ED5CFF /* Base */ = {isa = PBXFileReference; lastKnownFileType = file.storyboard; name = Base; path = Base.lproj/LaunchScreen.storyboard; sourceTree = "<group>"; };
		B14D13A8289D9B5800ED5CFF /* Info.plist */ = {isa = PBXFileReference; lastKnownFileType = text.plist.xml; path = Info.plist; sourceTree = "<group>"; };
		B1521DE828A3298100C386E1 /* Server.swift */ = {isa = PBXFileReference; lastKnownFileType = sourcecode.swift; path = Server.swift; sourceTree = "<group>"; };
		B1521DEA28A329E700C386E1 /* APIManager.swift */ = {isa = PBXFileReference; lastKnownFileType = sourcecode.swift; path = APIManager.swift; sourceTree = "<group>"; };
		B1521DEE28A32BE100C386E1 /* UserData.swift */ = {isa = PBXFileReference; lastKnownFileType = sourcecode.swift; path = UserData.swift; sourceTree = "<group>"; };
		B1521DF028A32E0F00C386E1 /* User.swift */ = {isa = PBXFileReference; lastKnownFileType = sourcecode.swift; path = User.swift; sourceTree = "<group>"; };
		B1521DF228A32EB200C386E1 /* Fitness.swift */ = {isa = PBXFileReference; lastKnownFileType = sourcecode.swift; path = Fitness.swift; sourceTree = "<group>"; };
		B1521DF428A3309900C386E1 /* BloodPressure.swift */ = {isa = PBXFileReference; lastKnownFileType = sourcecode.swift; path = BloodPressure.swift; sourceTree = "<group>"; };
		B1521DF628A330E800C386E1 /* BloodSugar.swift */ = {isa = PBXFileReference; lastKnownFileType = sourcecode.swift; path = BloodSugar.swift; sourceTree = "<group>"; };
		B1521DF828A3312D00C386E1 /* HeartRate.swift */ = {isa = PBXFileReference; lastKnownFileType = sourcecode.swift; path = HeartRate.swift; sourceTree = "<group>"; };
		B1521DFA28A3317400C386E1 /* FamilyMember.swift */ = {isa = PBXFileReference; lastKnownFileType = sourcecode.swift; path = FamilyMember.swift; sourceTree = "<group>"; };
		B156E33A28A324EF0069777E /* GoogleService-Info.plist */ = {isa = PBXFileReference; fileEncoding = 4; lastKnownFileType = text.plist.xml; path = "GoogleService-Info.plist"; sourceTree = "<group>"; };
		C6D1B171E90765F3FABAE390 /* Pods-HealthTracker.debug.xcconfig */ = {isa = PBXFileReference; includeInIndex = 1; lastKnownFileType = text.xcconfig; name = "Pods-HealthTracker.debug.xcconfig"; path = "Target Support Files/Pods-HealthTracker/Pods-HealthTracker.debug.xcconfig"; sourceTree = "<group>"; };
/* End PBXFileReference section */

/* Begin PBXFrameworksBuildPhase section */
		B14D1394289D9B5400ED5CFF /* Frameworks */ = {
			isa = PBXFrameworksBuildPhase;
			buildActionMask = 2147483647;
			files = (
				23E9AA1C4AC2B45224E7A402 /* Pods_HealthTracker.framework in Frameworks */,
			);
			runOnlyForDeploymentPostprocessing = 0;
		};
/* End PBXFrameworksBuildPhase section */

/* Begin PBXGroup section */
		01A805FBE81826CE52B6D2F4 /* Pods */ = {
			isa = PBXGroup;
			children = (
				C6D1B171E90765F3FABAE390 /* Pods-HealthTracker.debug.xcconfig */,
				91BFC38FF90553DB5CA8F5CC /* Pods-HealthTracker.release.xcconfig */,
			);
			path = Pods;
			sourceTree = "<group>";
		};
		B14D138E289D9B5400ED5CFF = {
			isa = PBXGroup;
			children = (
				B14D1399289D9B5400ED5CFF /* HealthTracker */,
				B14D1398289D9B5400ED5CFF /* Products */,
				01A805FBE81826CE52B6D2F4 /* Pods */,
				C8FE13BBE035486730FCC0D0 /* Frameworks */,
			);
			sourceTree = "<group>";
		};
		B14D1398289D9B5400ED5CFF /* Products */ = {
			isa = PBXGroup;
			children = (
				B14D1397289D9B5400ED5CFF /* HealthTracker.app */,
			);
			name = Products;
			sourceTree = "<group>";
		};
		B14D1399289D9B5400ED5CFF /* HealthTracker */ = {
			isa = PBXGroup;
			children = (
				B14D139A289D9B5400ED5CFF /* AppDelegate.swift */,
				B14D139C289D9B5400ED5CFF /* SceneDelegate.swift */,
				B14D13AE289D9B8500ED5CFF /* Views */,
				B14D13AF289D9B9200ED5CFF /* Models */,
				B14D13B0289D9B9B00ED5CFF /* Controllers */,
				B14D13B1289D9BAE00ED5CFF /* Supporting Files */,
				B1521DE728A3295D00C386E1 /* Helper */,
				B14D13A8289D9B5800ED5CFF /* Info.plist */,
				B156E33A28A324EF0069777E /* GoogleService-Info.plist */,
			);
			path = HealthTracker;
			sourceTree = "<group>";
		};
		B14D13AE289D9B8500ED5CFF /* Views */ = {
			isa = PBXGroup;
			children = (
				B14D13A0289D9B5400ED5CFF /* Main.storyboard */,
				B14D13A5289D9B5800ED5CFF /* LaunchScreen.storyboard */,
			);
			path = Views;
			sourceTree = "<group>";
		};
		B14D13AF289D9B9200ED5CFF /* Models */ = {
			isa = PBXGroup;
			children = (
				B1521DF028A32E0F00C386E1 /* User.swift */,
				B1521DF228A32EB200C386E1 /* Fitness.swift */,
				B1521DF428A3309900C386E1 /* BloodPressure.swift */,
				B1521DF628A330E800C386E1 /* BloodSugar.swift */,
				B1521DF828A3312D00C386E1 /* HeartRate.swift */,
				B1521DFA28A3317400C386E1 /* FamilyMember.swift */,
			);
			path = Models;
			sourceTree = "<group>";
		};
		B14D13B0289D9B9B00ED5CFF /* Controllers */ = {
			isa = PBXGroup;
			children = (
				B14D139E289D9B5400ED5CFF /* ViewController.swift */,
			);
			path = Controllers;
			sourceTree = "<group>";
		};
		B14D13B1289D9BAE00ED5CFF /* Supporting Files */ = {
			isa = PBXGroup;
			children = (
				B14D13A3289D9B5800ED5CFF /* Assets.xcassets */,
			);
			path = "Supporting Files";
			sourceTree = "<group>";
		};
		B1521DE728A3295D00C386E1 /* Helper */ = {
			isa = PBXGroup;
			children = (
				B1521DE828A3298100C386E1 /* Server.swift */,
				B1521DEA28A329E700C386E1 /* APIManager.swift */,
				B1521DEE28A32BE100C386E1 /* UserData.swift */,
			);
			path = Helper;
			sourceTree = "<group>";
		};
		C8FE13BBE035486730FCC0D0 /* Frameworks */ = {
			isa = PBXGroup;
			children = (
				954D87DC849FC8E1C3521738 /* Pods_HealthTracker.framework */,
			);
			name = Frameworks;
			sourceTree = "<group>";
		};
/* End PBXGroup section */

/* Begin PBXNativeTarget section */
		B14D1396289D9B5400ED5CFF /* HealthTracker */ = {
			isa = PBXNativeTarget;
			buildConfigurationList = B14D13AB289D9B5800ED5CFF /* Build configuration list for PBXNativeTarget "HealthTracker" */;
			buildPhases = (
				FABBEF54830B09BE7F5262E4 /* [CP] Check Pods Manifest.lock */,
				B14D1393289D9B5400ED5CFF /* Sources */,
				B14D1394289D9B5400ED5CFF /* Frameworks */,
				B14D1395289D9B5400ED5CFF /* Resources */,
				B3FF368CDE6C6D88558E2CFF /* [CP] Embed Pods Frameworks */,
			);
			buildRules = (
			);
			dependencies = (
			);
			name = HealthTracker;
			productName = HealthTracker;
			productReference = B14D1397289D9B5400ED5CFF /* HealthTracker.app */;
			productType = "com.apple.product-type.application";
		};
/* End PBXNativeTarget section */

/* Begin PBXProject section */
		B14D138F289D9B5400ED5CFF /* Project object */ = {
			isa = PBXProject;
			attributes = {
				BuildIndependentTargetsInParallel = 1;
				LastSwiftUpdateCheck = 1320;
				LastUpgradeCheck = 1320;
				TargetAttributes = {
					B14D1396289D9B5400ED5CFF = {
						CreatedOnToolsVersion = 13.2.1;
					};
				};
			};
			buildConfigurationList = B14D1392289D9B5400ED5CFF /* Build configuration list for PBXProject "HealthTracker" */;
			compatibilityVersion = "Xcode 13.0";
			developmentRegion = en;
			hasScannedForEncodings = 0;
			knownRegions = (
				en,
				Base,
			);
			mainGroup = B14D138E289D9B5400ED5CFF;
			productRefGroup = B14D1398289D9B5400ED5CFF /* Products */;
			projectDirPath = "";
			projectRoot = "";
			targets = (
				B14D1396289D9B5400ED5CFF /* HealthTracker */,
			);
		};
/* End PBXProject section */

/* Begin PBXResourcesBuildPhase section */
		B14D1395289D9B5400ED5CFF /* Resources */ = {
			isa = PBXResourcesBuildPhase;
			buildActionMask = 2147483647;
			files = (
				B14D13A7289D9B5800ED5CFF /* LaunchScreen.storyboard in Resources */,
				B156E33B28A324EF0069777E /* GoogleService-Info.plist in Resources */,
				B14D13A4289D9B5800ED5CFF /* Assets.xcassets in Resources */,
				B14D13A2289D9B5400ED5CFF /* Main.storyboard in Resources */,
			);
			runOnlyForDeploymentPostprocessing = 0;
		};
/* End PBXResourcesBuildPhase section */

/* Begin PBXShellScriptBuildPhase section */
		B3FF368CDE6C6D88558E2CFF /* [CP] Embed Pods Frameworks */ = {
			isa = PBXShellScriptBuildPhase;
			buildActionMask = 2147483647;
			files = (
			);
			inputFileListPaths = (
				"${PODS_ROOT}/Target Support Files/Pods-HealthTracker/Pods-HealthTracker-frameworks-${CONFIGURATION}-input-files.xcfilelist",
			);
			name = "[CP] Embed Pods Frameworks";
			outputFileListPaths = (
				"${PODS_ROOT}/Target Support Files/Pods-HealthTracker/Pods-HealthTracker-frameworks-${CONFIGURATION}-output-files.xcfilelist",
			);
			runOnlyForDeploymentPostprocessing = 0;
			shellPath = /bin/sh;
			shellScript = "\"${PODS_ROOT}/Target Support Files/Pods-HealthTracker/Pods-HealthTracker-frameworks.sh\"\n";
			showEnvVarsInLog = 0;
		};
		FABBEF54830B09BE7F5262E4 /* [CP] Check Pods Manifest.lock */ = {
			isa = PBXShellScriptBuildPhase;
			buildActionMask = 2147483647;
			files = (
			);
			inputFileListPaths = (
			);
			inputPaths = (
				"${PODS_PODFILE_DIR_PATH}/Podfile.lock",
				"${PODS_ROOT}/Manifest.lock",
			);
			name = "[CP] Check Pods Manifest.lock";
			outputFileListPaths = (
			);
			outputPaths = (
				"$(DERIVED_FILE_DIR)/Pods-HealthTracker-checkManifestLockResult.txt",
			);
			runOnlyForDeploymentPostprocessing = 0;
			shellPath = /bin/sh;
			shellScript = "diff \"${PODS_PODFILE_DIR_PATH}/Podfile.lock\" \"${PODS_ROOT}/Manifest.lock\" > /dev/null\nif [ $? != 0 ] ; then\n    # print error to STDERR\n    echo \"error: The sandbox is not in sync with the Podfile.lock. Run 'pod install' or update your CocoaPods installation.\" >&2\n    exit 1\nfi\n# This output is used by Xcode 'outputs' to avoid re-running this script phase.\necho \"SUCCESS\" > \"${SCRIPT_OUTPUT_FILE_0}\"\n";
			showEnvVarsInLog = 0;
		};
/* End PBXShellScriptBuildPhase section */

/* Begin PBXSourcesBuildPhase section */
		B14D1393289D9B5400ED5CFF /* Sources */ = {
			isa = PBXSourcesBuildPhase;
			buildActionMask = 2147483647;
			files = (
				B1521DEF28A32BE100C386E1 /* UserData.swift in Sources */,
				B1521DF728A330E800C386E1 /* BloodSugar.swift in Sources */,
				B14D139F289D9B5400ED5CFF /* ViewController.swift in Sources */,
				B14D139B289D9B5400ED5CFF /* AppDelegate.swift in Sources */,
				B1521DEB28A329E700C386E1 /* APIManager.swift in Sources */,
				B1521DF328A32EB200C386E1 /* Fitness.swift in Sources */,
				B1521DF928A3312D00C386E1 /* HeartRate.swift in Sources */,
				B1521DFB28A3317400C386E1 /* FamilyMember.swift in Sources */,
				B1521DF528A3309900C386E1 /* BloodPressure.swift in Sources */,
				B1521DE928A3298100C386E1 /* Server.swift in Sources */,
				B14D139D289D9B5400ED5CFF /* SceneDelegate.swift in Sources */,
				B1521DF128A32E0F00C386E1 /* User.swift in Sources */,
			);
			runOnlyForDeploymentPostprocessing = 0;
		};
/* End PBXSourcesBuildPhase section */

/* Begin PBXVariantGroup section */
		B14D13A0289D9B5400ED5CFF /* Main.storyboard */ = {
			isa = PBXVariantGroup;
			children = (
				B14D13A1289D9B5400ED5CFF /* Base */,
			);
			name = Main.storyboard;
			sourceTree = "<group>";
		};
		B14D13A5289D9B5800ED5CFF /* LaunchScreen.storyboard */ = {
			isa = PBXVariantGroup;
			children = (
				B14D13A6289D9B5800ED5CFF /* Base */,
			);
			name = LaunchScreen.storyboard;
			sourceTree = "<group>";
		};
/* End PBXVariantGroup section */

/* Begin XCBuildConfiguration section */
		B14D13A9289D9B5800ED5CFF /* Debug */ = {
			isa = XCBuildConfiguration;
			buildSettings = {
				ALWAYS_SEARCH_USER_PATHS = NO;
				CLANG_ANALYZER_NONNULL = YES;
				CLANG_ANALYZER_NUMBER_OBJECT_CONVERSION = YES_AGGRESSIVE;
				CLANG_CXX_LANGUAGE_STANDARD = "gnu++17";
				CLANG_CXX_LIBRARY = "libc++";
				CLANG_ENABLE_MODULES = YES;
				CLANG_ENABLE_OBJC_ARC = YES;
				CLANG_ENABLE_OBJC_WEAK = YES;
				CLANG_WARN_BLOCK_CAPTURE_AUTORELEASING = YES;
				CLANG_WARN_BOOL_CONVERSION = YES;
				CLANG_WARN_COMMA = YES;
				CLANG_WARN_CONSTANT_CONVERSION = YES;
				CLANG_WARN_DEPRECATED_OBJC_IMPLEMENTATIONS = YES;
				CLANG_WARN_DIRECT_OBJC_ISA_USAGE = YES_ERROR;
				CLANG_WARN_DOCUMENTATION_COMMENTS = YES;
				CLANG_WARN_EMPTY_BODY = YES;
				CLANG_WARN_ENUM_CONVERSION = YES;
				CLANG_WARN_INFINITE_RECURSION = YES;
				CLANG_WARN_INT_CONVERSION = YES;
				CLANG_WARN_NON_LITERAL_NULL_CONVERSION = YES;
				CLANG_WARN_OBJC_IMPLICIT_RETAIN_SELF = YES;
				CLANG_WARN_OBJC_LITERAL_CONVERSION = YES;
				CLANG_WARN_OBJC_ROOT_CLASS = YES_ERROR;
				CLANG_WARN_QUOTED_INCLUDE_IN_FRAMEWORK_HEADER = YES;
				CLANG_WARN_RANGE_LOOP_ANALYSIS = YES;
				CLANG_WARN_STRICT_PROTOTYPES = YES;
				CLANG_WARN_SUSPICIOUS_MOVE = YES;
				CLANG_WARN_UNGUARDED_AVAILABILITY = YES_AGGRESSIVE;
				CLANG_WARN_UNREACHABLE_CODE = YES;
				CLANG_WARN__DUPLICATE_METHOD_MATCH = YES;
				COPY_PHASE_STRIP = NO;
				DEBUG_INFORMATION_FORMAT = dwarf;
				ENABLE_STRICT_OBJC_MSGSEND = YES;
				ENABLE_TESTABILITY = YES;
				GCC_C_LANGUAGE_STANDARD = gnu11;
				GCC_DYNAMIC_NO_PIC = NO;
				GCC_NO_COMMON_BLOCKS = YES;
				GCC_OPTIMIZATION_LEVEL = 0;
				GCC_PREPROCESSOR_DEFINITIONS = (
					"DEBUG=1",
					"$(inherited)",
				);
				GCC_WARN_64_TO_32_BIT_CONVERSION = YES;
				GCC_WARN_ABOUT_RETURN_TYPE = YES_ERROR;
				GCC_WARN_UNDECLARED_SELECTOR = YES;
				GCC_WARN_UNINITIALIZED_AUTOS = YES_AGGRESSIVE;
				GCC_WARN_UNUSED_FUNCTION = YES;
				GCC_WARN_UNUSED_VARIABLE = YES;
				IPHONEOS_DEPLOYMENT_TARGET = 15.2;
				MTL_ENABLE_DEBUG_INFO = INCLUDE_SOURCE;
				MTL_FAST_MATH = YES;
				ONLY_ACTIVE_ARCH = YES;
				SDKROOT = iphoneos;
				SWIFT_ACTIVE_COMPILATION_CONDITIONS = DEBUG;
				SWIFT_OPTIMIZATION_LEVEL = "-Onone";
			};
			name = Debug;
		};
		B14D13AA289D9B5800ED5CFF /* Release */ = {
			isa = XCBuildConfiguration;
			buildSettings = {
				ALWAYS_SEARCH_USER_PATHS = NO;
				CLANG_ANALYZER_NONNULL = YES;
				CLANG_ANALYZER_NUMBER_OBJECT_CONVERSION = YES_AGGRESSIVE;
				CLANG_CXX_LANGUAGE_STANDARD = "gnu++17";
				CLANG_CXX_LIBRARY = "libc++";
				CLANG_ENABLE_MODULES = YES;
				CLANG_ENABLE_OBJC_ARC = YES;
				CLANG_ENABLE_OBJC_WEAK = YES;
				CLANG_WARN_BLOCK_CAPTURE_AUTORELEASING = YES;
				CLANG_WARN_BOOL_CONVERSION = YES;
				CLANG_WARN_COMMA = YES;
				CLANG_WARN_CONSTANT_CONVERSION = YES;
				CLANG_WARN_DEPRECATED_OBJC_IMPLEMENTATIONS = YES;
				CLANG_WARN_DIRECT_OBJC_ISA_USAGE = YES_ERROR;
				CLANG_WARN_DOCUMENTATION_COMMENTS = YES;
				CLANG_WARN_EMPTY_BODY = YES;
				CLANG_WARN_ENUM_CONVERSION = YES;
				CLANG_WARN_INFINITE_RECURSION = YES;
				CLANG_WARN_INT_CONVERSION = YES;
				CLANG_WARN_NON_LITERAL_NULL_CONVERSION = YES;
				CLANG_WARN_OBJC_IMPLICIT_RETAIN_SELF = YES;
				CLANG_WARN_OBJC_LITERAL_CONVERSION = YES;
				CLANG_WARN_OBJC_ROOT_CLASS = YES_ERROR;
				CLANG_WARN_QUOTED_INCLUDE_IN_FRAMEWORK_HEADER = YES;
				CLANG_WARN_RANGE_LOOP_ANALYSIS = YES;
				CLANG_WARN_STRICT_PROTOTYPES = YES;
				CLANG_WARN_SUSPICIOUS_MOVE = YES;
				CLANG_WARN_UNGUARDED_AVAILABILITY = YES_AGGRESSIVE;
				CLANG_WARN_UNREACHABLE_CODE = YES;
				CLANG_WARN__DUPLICATE_METHOD_MATCH = YES;
				COPY_PHASE_STRIP = NO;
				DEBUG_INFORMATION_FORMAT = "dwarf-with-dsym";
				ENABLE_NS_ASSERTIONS = NO;
				ENABLE_STRICT_OBJC_MSGSEND = YES;
				GCC_C_LANGUAGE_STANDARD = gnu11;
				GCC_NO_COMMON_BLOCKS = YES;
				GCC_WARN_64_TO_32_BIT_CONVERSION = YES;
				GCC_WARN_ABOUT_RETURN_TYPE = YES_ERROR;
				GCC_WARN_UNDECLARED_SELECTOR = YES;
				GCC_WARN_UNINITIALIZED_AUTOS = YES_AGGRESSIVE;
				GCC_WARN_UNUSED_FUNCTION = YES;
				GCC_WARN_UNUSED_VARIABLE = YES;
				IPHONEOS_DEPLOYMENT_TARGET = 15.2;
				MTL_ENABLE_DEBUG_INFO = NO;
				MTL_FAST_MATH = YES;
				SDKROOT = iphoneos;
				SWIFT_COMPILATION_MODE = wholemodule;
				SWIFT_OPTIMIZATION_LEVEL = "-O";
				VALIDATE_PRODUCT = YES;
			};
			name = Release;
		};
		B14D13AC289D9B5800ED5CFF /* Debug */ = {
			isa = XCBuildConfiguration;
			baseConfigurationReference = C6D1B171E90765F3FABAE390 /* Pods-HealthTracker.debug.xcconfig */;
			buildSettings = {
				ASSETCATALOG_COMPILER_APPICON_NAME = AppIcon;
				ASSETCATALOG_COMPILER_GLOBAL_ACCENT_COLOR_NAME = AccentColor;
				CODE_SIGN_STYLE = Automatic;
				CURRENT_PROJECT_VERSION = 1;
				DEVELOPMENT_TEAM = RTKTHM26K9;
				GENERATE_INFOPLIST_FILE = YES;
				INFOPLIST_FILE = HealthTracker/Info.plist;
				INFOPLIST_KEY_UIApplicationSupportsIndirectInputEvents = YES;
				INFOPLIST_KEY_UILaunchStoryboardName = LaunchScreen;
				INFOPLIST_KEY_UIMainStoryboardFile = Main;
				INFOPLIST_KEY_UISupportedInterfaceOrientations = UIInterfaceOrientationPortrait;
				INFOPLIST_KEY_UISupportedInterfaceOrientations_iPad = "UIInterfaceOrientationPortrait UIInterfaceOrientationPortraitUpsideDown UIInterfaceOrientationLandscapeLeft UIInterfaceOrientationLandscapeRight";
				INFOPLIST_KEY_UISupportedInterfaceOrientations_iPhone = "UIInterfaceOrientationPortrait UIInterfaceOrientationLandscapeLeft UIInterfaceOrientationLandscapeRight";
				LD_RUNPATH_SEARCH_PATHS = (
					"$(inherited)",
					"@executable_path/Frameworks",
				);
				MARKETING_VERSION = 1.0;
				PRODUCT_BUNDLE_IDENTIFIER = com.cemsafa.HealthTracker;
				PRODUCT_NAME = "$(TARGET_NAME)";
				SWIFT_EMIT_LOC_STRINGS = YES;
				SWIFT_VERSION = 5.0;
				TARGETED_DEVICE_FAMILY = 1;
			};
			name = Debug;
		};
		B14D13AD289D9B5800ED5CFF /* Release */ = {
			isa = XCBuildConfiguration;
			baseConfigurationReference = 91BFC38FF90553DB5CA8F5CC /* Pods-HealthTracker.release.xcconfig */;
			buildSettings = {
				ASSETCATALOG_COMPILER_APPICON_NAME = AppIcon;
				ASSETCATALOG_COMPILER_GLOBAL_ACCENT_COLOR_NAME = AccentColor;
				CODE_SIGN_STYLE = Automatic;
				CURRENT_PROJECT_VERSION = 1;
				DEVELOPMENT_TEAM = RTKTHM26K9;
				GENERATE_INFOPLIST_FILE = YES;
				INFOPLIST_FILE = HealthTracker/Info.plist;
				INFOPLIST_KEY_UIApplicationSupportsIndirectInputEvents = YES;
				INFOPLIST_KEY_UILaunchStoryboardName = LaunchScreen;
				INFOPLIST_KEY_UIMainStoryboardFile = Main;
				INFOPLIST_KEY_UISupportedInterfaceOrientations = UIInterfaceOrientationPortrait;
				INFOPLIST_KEY_UISupportedInterfaceOrientations_iPad = "UIInterfaceOrientationPortrait UIInterfaceOrientationPortraitUpsideDown UIInterfaceOrientationLandscapeLeft UIInterfaceOrientationLandscapeRight";
				INFOPLIST_KEY_UISupportedInterfaceOrientations_iPhone = "UIInterfaceOrientationPortrait UIInterfaceOrientationLandscapeLeft UIInterfaceOrientationLandscapeRight";
				LD_RUNPATH_SEARCH_PATHS = (
					"$(inherited)",
					"@executable_path/Frameworks",
				);
				MARKETING_VERSION = 1.0;
				PRODUCT_BUNDLE_IDENTIFIER = com.cemsafa.HealthTracker;
				PRODUCT_NAME = "$(TARGET_NAME)";
				SWIFT_EMIT_LOC_STRINGS = YES;
				SWIFT_VERSION = 5.0;
				TARGETED_DEVICE_FAMILY = 1;
			};
			name = Release;
		};
/* End XCBuildConfiguration section */

/* Begin XCConfigurationList section */
		B14D1392289D9B5400ED5CFF /* Build configuration list for PBXProject "HealthTracker" */ = {
			isa = XCConfigurationList;
			buildConfigurations = (
				B14D13A9289D9B5800ED5CFF /* Debug */,
				B14D13AA289D9B5800ED5CFF /* Release */,
			);
			defaultConfigurationIsVisible = 0;
			defaultConfigurationName = Release;
		};
		B14D13AB289D9B5800ED5CFF /* Build configuration list for PBXNativeTarget "HealthTracker" */ = {
			isa = XCConfigurationList;
			buildConfigurations = (
				B14D13AC289D9B5800ED5CFF /* Debug */,
				B14D13AD289D9B5800ED5CFF /* Release */,
			);
			defaultConfigurationIsVisible = 0;
			defaultConfigurationName = Release;
		};
/* End XCConfigurationList section */
	};
	rootObject = B14D138F289D9B5400ED5CFF /* Project object */;
}
